
Microsoft Visual Studio Solution File, Format Version 12.00
# Visual Studio Version 16
VisualStudioVersion = 16.0.30804.86
MinimumVisualStudioVersion = 10.0.40219.1
Project("{FAE04EC0-301F-11D3-BF4B-00C04F79EFBC}") = "ASP-Scratch", "ASP-Scratch\ASP-Scratch.csproj", "{BBD5DA91-44CE-4396-AADF-341EDC377AB0}"
EndProject
Global
	GlobalSection(SolutionConfigurationPlatforms) = preSolution
		Debug|Any CPU = Debug|Any CPU
		Release|Any CPU = Release|Any CPU
	EndGlobalSection
	GlobalSection(ProjectConfigurationPlatforms) = postSolution
		{BBD5DA91-44CE-4396-AADF-341EDC377AB0}.Debug|Any CPU.ActiveCfg = Debug|Any CPU
		{BBD5DA91-44CE-4396-AADF-341EDC377AB0}.Debug|Any CPU.Build.0 = Debug|Any CPU
		{BBD5DA91-44CE-4396-AADF-341EDC377AB0}.Release|Any CPU.ActiveCfg = Release|Any CPU
		{BBD5DA91-44CE-4396-AADF-341EDC377AB0}.Release|Any CPU.Build.0 = Release|Any CPU
	EndGlobalSection
	GlobalSection(SolutionProperties) = preSolution
		HideSolutionNode = FALSE
	EndGlobalSection
	GlobalSection(ExtensibilityGlobals) = postSolution
		SolutionGuid = {B807DFD2-27D3-43A8-9AAC-A972B49BE7EE}
	EndGlobalSection
EndGlobal
